
Microsoft Visual Studio Solution File, Format Version 12.00
# Visual Studio Version 17
VisualStudioVersion = 17.0.32014.148
MinimumVisualStudioVersion = 10.0.40219.1
Project("{FAE04EC0-301F-11D3-BF4B-00C04F79EFBC}") = "MouseClick-sound-ProVersion", "MouseClick-sound-ProVersion\MouseClick-sound-ProVersion.csproj", "{E6B6F6B5-A9D6-451C-8FA2-018C57174DE3}"
EndProject
Global
	GlobalSection(SolutionConfigurationPlatforms) = preSolution
		Debug|Any CPU = Debug|Any CPU
		Release|Any CPU = Release|Any CPU
	EndGlobalSection
	GlobalSection(ProjectConfigurationPlatforms) = postSolution
		{E6B6F6B5-A9D6-451C-8FA2-018C57174DE3}.Debug|Any CPU.ActiveCfg = Debug|Any CPU
		{E6B6F6B5-A9D6-451C-8FA2-018C57174DE3}.Debug|Any CPU.Build.0 = Debug|Any CPU
		{E6B6F6B5-A9D6-451C-8FA2-018C57174DE3}.Release|Any CPU.ActiveCfg = Release|Any CPU
		{E6B6F6B5-A9D6-451C-8FA2-018C57174DE3}.Release|Any CPU.Build.0 = Release|Any CPU
	EndGlobalSection
	GlobalSection(SolutionProperties) = preSolution
		HideSolutionNode = FALSE
	EndGlobalSection
	GlobalSection(ExtensibilityGlobals) = postSolution
		SolutionGuid = {16B2F8E8-13CA-4C98-BE7D-6EDEE3389DE4}
	EndGlobalSection
EndGlobal
